
Microsoft Visual Studio Solution File, Format Version 12.00
# Visual Studio Version 16
VisualStudioVersion = 16.0.29519.181
MinimumVisualStudioVersion = 10.0.40219.1
Project("{9A19103F-16F7-4668-BE54-9A1E7A4F7556}") = "Projeto1_LP2", "Projeto1_LP2.csproj", "{8AEEFA54-D807-4E0A-97E0-FC345DF53016}"
EndProject
Global
	GlobalSection(SolutionConfigurationPlatforms) = preSolution
		Debug|Any CPU = Debug|Any CPU
		Release|Any CPU = Release|Any CPU
	EndGlobalSection
	GlobalSection(ProjectConfigurationPlatforms) = postSolution
		{8AEEFA54-D807-4E0A-97E0-FC345DF53016}.Debug|Any CPU.ActiveCfg = Debug|Any CPU
		{8AEEFA54-D807-4E0A-97E0-FC345DF53016}.Debug|Any CPU.Build.0 = Debug|Any CPU
		{8AEEFA54-D807-4E0A-97E0-FC345DF53016}.Release|Any CPU.ActiveCfg = Release|Any CPU
		{8AEEFA54-D807-4E0A-97E0-FC345DF53016}.Release|Any CPU.Build.0 = Release|Any CPU
	EndGlobalSection
	GlobalSection(SolutionProperties) = preSolution
		HideSolutionNode = FALSE
	EndGlobalSection
	GlobalSection(ExtensibilityGlobals) = postSolution
		SolutionGuid = {B7B0F350-0C0B-4052-BD69-899F4436B5E7}
	EndGlobalSection
EndGlobal
